// !$*UTF8*$!
{
	archiveVersion = 1;
	classes = {
	};
	objectVersion = 46;
	objects = {

/* Begin PBXBuildFile section */
		61630A771F8F6D0100026CE7 /* NetworkTools.m in Sources */ = {isa = PBXBuildFile; fileRef = 61630A761F8F6D0100026CE7 /* NetworkTools.m */; };
		61630A7A1F8F89BD00026CE7 /* News.m in Sources */ = {isa = PBXBuildFile; fileRef = 61630A791F8F89BD00026CE7 /* News.m */; };
		61630A7E1F8FA69800026CE7 /* NSArray+Log.m in Sources */ = {isa = PBXBuildFile; fileRef = 61630A7D1F8FA69800026CE7 /* NSArray+Log.m */; };
		61630A811F92275C00026CE7 /* NewsCell.m in Sources */ = {isa = PBXBuildFile; fileRef = 61630A801F92275C00026CE7 /* NewsCell.m */; };
		61630A851F94BFA700026CE7 /* topic_news.json in Resources */ = {isa = PBXBuildFile; fileRef = 61630A841F94BFA700026CE7 /* topic_news.json */; };
		61630A881F94BFB700026CE7 /* Channel.m in Sources */ = {isa = PBXBuildFile; fileRef = 61630A871F94BFB700026CE7 /* Channel.m */; };
		61630A8B1F94C51800026CE7 /* NSObject+Extension.m in Sources */ = {isa = PBXBuildFile; fileRef = 61630A8A1F94C51800026CE7 /* NSObject+Extension.m */; };
		61AE5D231F85E9B90097686D /* main.m in Sources */ = {isa = PBXBuildFile; fileRef = 61AE5D221F85E9B90097686D /* main.m */; };
		61AE5D261F85E9B90097686D /* AppDelegate.m in Sources */ = {isa = PBXBuildFile; fileRef = 61AE5D251F85E9B90097686D /* AppDelegate.m */; };
		61AE5D2E1F85E9B90097686D /* Assets.xcassets in Resources */ = {isa = PBXBuildFile; fileRef = 61AE5D2D1F85E9B90097686D /* Assets.xcassets */; };
		61AE5D311F85E9B90097686D /* LaunchScreen.storyboard in Resources */ = {isa = PBXBuildFile; fileRef = 61AE5D2F1F85E9B90097686D /* LaunchScreen.storyboard */; };
		61AE5D3C1F85EAAD0097686D /* NewsTableViewController.m in Sources */ = {isa = PBXBuildFile; fileRef = 61AE5D3B1F85EAAD0097686D /* NewsTableViewController.m */; };
		61AE5D3E1F85EABB0097686D /* News.storyboard in Resources */ = {isa = PBXBuildFile; fileRef = 61AE5D3D1F85EABB0097686D /* News.storyboard */; };
		61B1A5E3B4895766D1A02DCA /* libPods-网易新闻.a in Frameworks */ = {isa = PBXBuildFile; fileRef = 846EAF1B5F544D2F42DA359F /* libPods-网易新闻.a */; };
/* End PBXBuildFile section */

/* Begin PBXFileReference section */
		126AEA4575D871CC5F6629FA /* Pods-网易新闻.debug.xcconfig */ = {isa = PBXFileReference; includeInIndex = 1; lastKnownFileType = text.xcconfig; name = "Pods-网易新闻.debug.xcconfig"; path = "Pods/Target Support Files/Pods-网易新闻/Pods-网易新闻.debug.xcconfig"; sourceTree = "<group>"; };
		5C463740FAEAE7E48D4C1338 /* Pods-网易新闻.release.xcconfig */ = {isa = PBXFileReference; includeInIndex = 1; lastKnownFileType = text.xcconfig; name = "Pods-网易新闻.release.xcconfig"; path = "Pods/Target Support Files/Pods-网易新闻/Pods-网易新闻.release.xcconfig"; sourceTree = "<group>"; };
		61630A751F8F6D0100026CE7 /* NetworkTools.h */ = {isa = PBXFileReference; fileEncoding = 4; lastKnownFileType = sourcecode.c.h; path = NetworkTools.h; sourceTree = "<group>"; };
		61630A761F8F6D0100026CE7 /* NetworkTools.m */ = {isa = PBXFileReference; fileEncoding = 4; lastKnownFileType = sourcecode.c.objc; path = NetworkTools.m; sourceTree = "<group>"; };
		61630A781F8F89BD00026CE7 /* News.h */ = {isa = PBXFileReference; fileEncoding = 4; lastKnownFileType = sourcecode.c.h; path = News.h; sourceTree = "<group>"; };
		61630A791F8F89BD00026CE7 /* News.m */ = {isa = PBXFileReference; fileEncoding = 4; lastKnownFileType = sourcecode.c.objc; path = News.m; sourceTree = "<group>"; };
		61630A7C1F8FA69800026CE7 /* NSArray+Log.h */ = {isa = PBXFileReference; fileEncoding = 4; lastKnownFileType = sourcecode.c.h; path = "NSArray+Log.h"; sourceTree = "<group>"; };
		61630A7D1F8FA69800026CE7 /* NSArray+Log.m */ = {isa = PBXFileReference; fileEncoding = 4; lastKnownFileType = sourcecode.c.objc; path = "NSArray+Log.m"; sourceTree = "<group>"; };
		61630A7F1F92275C00026CE7 /* NewsCell.h */ = {isa = PBXFileReference; fileEncoding = 4; lastKnownFileType = sourcecode.c.h; path = NewsCell.h; sourceTree = "<group>"; };
		61630A801F92275C00026CE7 /* NewsCell.m */ = {isa = PBXFileReference; fileEncoding = 4; lastKnownFileType = sourcecode.c.objc; path = NewsCell.m; sourceTree = "<group>"; };
		61630A841F94BFA700026CE7 /* topic_news.json */ = {isa = PBXFileReference; fileEncoding = 4; lastKnownFileType = text.json; path = topic_news.json; sourceTree = "<group>"; };
		61630A861F94BFB700026CE7 /* Channel.h */ = {isa = PBXFileReference; fileEncoding = 4; lastKnownFileType = sourcecode.c.h; path = Channel.h; sourceTree = "<group>"; };
		61630A871F94BFB700026CE7 /* Channel.m */ = {isa = PBXFileReference; fileEncoding = 4; lastKnownFileType = sourcecode.c.objc; path = Channel.m; sourceTree = "<group>"; };
		61630A891F94C51800026CE7 /* NSObject+Extension.h */ = {isa = PBXFileReference; fileEncoding = 4; lastKnownFileType = sourcecode.c.h; path = "NSObject+Extension.h"; sourceTree = "<group>"; };
		61630A8A1F94C51800026CE7 /* NSObject+Extension.m */ = {isa = PBXFileReference; fileEncoding = 4; lastKnownFileType = sourcecode.c.objc; path = "NSObject+Extension.m"; sourceTree = "<group>"; };
		61AE5D1E1F85E9B90097686D /* 网易新闻.app */ = {isa = PBXFileReference; explicitFileType = wrapper.application; includeInIndex = 0; path = "网易新闻.app"; sourceTree = BUILT_PRODUCTS_DIR; };
		61AE5D221F85E9B90097686D /* main.m */ = {isa = PBXFileReference; lastKnownFileType = sourcecode.c.objc; path = main.m; sourceTree = "<group>"; };
		61AE5D241F85E9B90097686D /* AppDelegate.h */ = {isa = PBXFileReference; lastKnownFileType = sourcecode.c.h; path = AppDelegate.h; sourceTree = "<group>"; };
		61AE5D251F85E9B90097686D /* AppDelegate.m */ = {isa = PBXFileReference; lastKnownFileType = sourcecode.c.objc; path = AppDelegate.m; sourceTree = "<group>"; };
		61AE5D2D1F85E9B90097686D /* Assets.xcassets */ = {isa = PBXFileReference; lastKnownFileType = folder.assetcatalog; path = Assets.xcassets; sourceTree = "<group>"; };
		61AE5D301F85E9B90097686D /* Base */ = {isa = PBXFileReference; lastKnownFileType = file.storyboard; name = Base; path = Base.lproj/LaunchScreen.storyboard; sourceTree = "<group>"; };
		61AE5D321F85E9B90097686D /* Info.plist */ = {isa = PBXFileReference; lastKnownFileType = text.plist.xml; path = Info.plist; sourceTree = "<group>"; };
		61AE5D3A1F85EAAD0097686D /* NewsTableViewController.h */ = {isa = PBXFileReference; fileEncoding = 4; lastKnownFileType = sourcecode.c.h; path = NewsTableViewController.h; sourceTree = "<group>"; };
		61AE5D3B1F85EAAD0097686D /* NewsTableViewController.m */ = {isa = PBXFileReference; fileEncoding = 4; lastKnownFileType = sourcecode.c.objc; path = NewsTableViewController.m; sourceTree = "<group>"; };
		61AE5D3D1F85EABB0097686D /* News.storyboard */ = {isa = PBXFileReference; fileEncoding = 4; lastKnownFileType = file.storyboard; path = News.storyboard; sourceTree = "<group>"; };
		846EAF1B5F544D2F42DA359F /* libPods-网易新闻.a */ = {isa = PBXFileReference; explicitFileType = archive.ar; includeInIndex = 0; path = "libPods-网易新闻.a"; sourceTree = BUILT_PRODUCTS_DIR; };
/* End PBXFileReference section */

/* Begin PBXFrameworksBuildPhase section */
		61AE5D1B1F85E9B90097686D /* Frameworks */ = {
			isa = PBXFrameworksBuildPhase;
			buildActionMask = 2147483647;
			files = (
				61B1A5E3B4895766D1A02DCA /* libPods-网易新闻.a in Frameworks */,
			);
			runOnlyForDeploymentPostprocessing = 0;
		};
/* End PBXFrameworksBuildPhase section */

/* Begin PBXGroup section */
		61630A7B1F8FA69800026CE7 /* Log */ = {
			isa = PBXGroup;
			children = (
				61630A7C1F8FA69800026CE7 /* NSArray+Log.h */,
				61630A7D1F8FA69800026CE7 /* NSArray+Log.m */,
			);
			path = Log;
			sourceTree = "<group>";
		};
		61630A821F94BF0A00026CE7 /* Home */ = {
			isa = PBXGroup;
			children = (
				61630A831F94BF0A00026CE7 /* Channel */,
			);
			path = Home;
			sourceTree = "<group>";
		};
		61630A831F94BF0A00026CE7 /* Channel */ = {
			isa = PBXGroup;
			children = (
				61630A841F94BFA700026CE7 /* topic_news.json */,
				61630A861F94BFB700026CE7 /* Channel.h */,
				61630A871F94BFB700026CE7 /* Channel.m */,
			);
			path = Channel;
			sourceTree = "<group>";
		};
		61AE5D151F85E9B90097686D = {
			isa = PBXGroup;
			children = (
				61AE5D201F85E9B90097686D /* 网易新闻 */,
				61AE5D1F1F85E9B90097686D /* Products */,
				B546802DFCBF070E21E77B8F /* Pods */,
				DE145F1283EBB7C659A3C0AC /* Frameworks */,
			);
			sourceTree = "<group>";
		};
		61AE5D1F1F85E9B90097686D /* Products */ = {
			isa = PBXGroup;
			children = (
				61AE5D1E1F85E9B90097686D /* 网易新闻.app */,
			);
			name = Products;
			sourceTree = "<group>";
		};
		61AE5D201F85E9B90097686D /* 网易新闻 */ = {
			isa = PBXGroup;
			children = (
				61AE5D381F85EA8C0097686D /* Classes */,
				61AE5D391F85EA8C0097686D /* Tools */,
				61AE5D241F85E9B90097686D /* AppDelegate.h */,
				61AE5D251F85E9B90097686D /* AppDelegate.m */,
				61AE5D2D1F85E9B90097686D /* Assets.xcassets */,
				61AE5D2F1F85E9B90097686D /* LaunchScreen.storyboard */,
				61AE5D321F85E9B90097686D /* Info.plist */,
				61AE5D211F85E9B90097686D /* Supporting Files */,
			);
			path = "网易新闻";
			sourceTree = "<group>";
		};
		61AE5D211F85E9B90097686D /* Supporting Files */ = {
			isa = PBXGroup;
			children = (
				61AE5D221F85E9B90097686D /* main.m */,
			);
			name = "Supporting Files";
			sourceTree = "<group>";
		};
		61AE5D381F85EA8C0097686D /* Classes */ = {
			isa = PBXGroup;
			children = (
				61630A821F94BF0A00026CE7 /* Home */,
				61AE5D3D1F85EABB0097686D /* News.storyboard */,
				61AE5D3A1F85EAAD0097686D /* NewsTableViewController.h */,
				61AE5D3B1F85EAAD0097686D /* NewsTableViewController.m */,
				61630A781F8F89BD00026CE7 /* News.h */,
				61630A791F8F89BD00026CE7 /* News.m */,
				61630A7F1F92275C00026CE7 /* NewsCell.h */,
				61630A801F92275C00026CE7 /* NewsCell.m */,
				61630A7B1F8FA69800026CE7 /* Log */,
			);
			path = Classes;
			sourceTree = "<group>";
		};
		61AE5D391F85EA8C0097686D /* Tools */ = {
			isa = PBXGroup;
			children = (
				61630A751F8F6D0100026CE7 /* NetworkTools.h */,
				61630A761F8F6D0100026CE7 /* NetworkTools.m */,
				61630A891F94C51800026CE7 /* NSObject+Extension.h */,
				61630A8A1F94C51800026CE7 /* NSObject+Extension.m */,
			);
			path = Tools;
			sourceTree = "<group>";
		};
		B546802DFCBF070E21E77B8F /* Pods */ = {
			isa = PBXGroup;
			children = (
				126AEA4575D871CC5F6629FA /* Pods-网易新闻.debug.xcconfig */,
				5C463740FAEAE7E48D4C1338 /* Pods-网易新闻.release.xcconfig */,
			);
			name = Pods;
			sourceTree = "<group>";
		};
		DE145F1283EBB7C659A3C0AC /* Frameworks */ = {
			isa = PBXGroup;
			children = (
				846EAF1B5F544D2F42DA359F /* libPods-网易新闻.a */,
			);
			name = Frameworks;
			sourceTree = "<group>";
		};
/* End PBXGroup section */

/* Begin PBXNativeTarget section */
		61AE5D1D1F85E9B90097686D /* 网易新闻 */ = {
			isa = PBXNativeTarget;
			buildConfigurationList = 61AE5D351F85E9B90097686D /* Build configuration list for PBXNativeTarget "网易新闻" */;
			buildPhases = (
				347C423E96EC0DCD7D1AC3BD /* [CP] Check Pods Manifest.lock */,
				61AE5D1A1F85E9B90097686D /* Sources */,
				61AE5D1B1F85E9B90097686D /* Frameworks */,
				61AE5D1C1F85E9B90097686D /* Resources */,
				6F457AAA750D147292357E0B /* [CP] Embed Pods Frameworks */,
				C7E28F156F9A2A95501B0263 /* [CP] Copy Pods Resources */,
			);
			buildRules = (
			);
			dependencies = (
			);
			name = "网易新闻";
			productName = "网易新闻";
			productReference = 61AE5D1E1F85E9B90097686D /* 网易新闻.app */;
			productType = "com.apple.product-type.application";
		};
/* End PBXNativeTarget section */

/* Begin PBXProject section */
		61AE5D161F85E9B90097686D /* Project object */ = {
			isa = PBXProject;
			attributes = {
				LastUpgradeCheck = 0830;
				ORGANIZATIONNAME = itcast;
				TargetAttributes = {
					61AE5D1D1F85E9B90097686D = {
						CreatedOnToolsVersion = 8.3.3;
						DevelopmentTeam = 69356RS9K8;
						ProvisioningStyle = Automatic;
					};
				};
			};
			buildConfigurationList = 61AE5D191F85E9B90097686D /* Build configuration list for PBXProject "网易新闻" */;
			compatibilityVersion = "Xcode 3.2";
			developmentRegion = English;
			hasScannedForEncodings = 0;
			knownRegions = (
				en,
				Base,
			);
			mainGroup = 61AE5D151F85E9B90097686D;
			productRefGroup = 61AE5D1F1F85E9B90097686D /* Products */;
			projectDirPath = "";
			projectRoot = "";
			targets = (
				61AE5D1D1F85E9B90097686D /* 网易新闻 */,
			);
		};
/* End PBXProject section */

/* Begin PBXResourcesBuildPhase section */
		61AE5D1C1F85E9B90097686D /* Resources */ = {
			isa = PBXResourcesBuildPhase;
			buildActionMask = 2147483647;
			files = (
				61AE5D311F85E9B90097686D /* LaunchScreen.storyboard in Resources */,
				61AE5D3E1F85EABB0097686D /* News.storyboard in Resources */,
				61630A851F94BFA700026CE7 /* topic_news.json in Resources */,
				61AE5D2E1F85E9B90097686D /* Assets.xcassets in Resources */,
			);
			runOnlyForDeploymentPostprocessing = 0;
		};
/* End PBXResourcesBuildPhase section */

/* Begin PBXShellScriptBuildPhase section */
		347C423E96EC0DCD7D1AC3BD /* [CP] Check Pods Manifest.lock */ = {
			isa = PBXShellScriptBuildPhase;
			buildActionMask = 2147483647;
			files = (
			);
			inputPaths = (
				"${PODS_PODFILE_DIR_PATH}/Podfile.lock",
				"${PODS_ROOT}/Manifest.lock",
			);
			name = "[CP] Check Pods Manifest.lock";
			outputPaths = (
				"$(DERIVED_FILE_DIR)/Pods-网易新闻-checkManifestLockResult.txt",
			);
			runOnlyForDeploymentPostprocessing = 0;
			shellPath = /bin/sh;
			shellScript = "diff \"${PODS_PODFILE_DIR_PATH}/Podfile.lock\" \"${PODS_ROOT}/Manifest.lock\" > /dev/null\nif [ $? != 0 ] ; then\n    # print error to STDERR\n    echo \"error: The sandbox is not in sync with the Podfile.lock. Run 'pod install' or update your CocoaPods installation.\" >&2\n    exit 1\nfi\n# This output is used by Xcode 'outputs' to avoid re-running this script phase.\necho \"SUCCESS\" > \"${SCRIPT_OUTPUT_FILE_0}\"\n";
			showEnvVarsInLog = 0;
		};
		6F457AAA750D147292357E0B /* [CP] Embed Pods Frameworks */ = {
			isa = PBXShellScriptBuildPhase;
			buildActionMask = 2147483647;
			files = (
			);
			inputPaths = (
			);
			name = "[CP] Embed Pods Frameworks";
			outputPaths = (
			);
			runOnlyForDeploymentPostprocessing = 0;
			shellPath = /bin/sh;
			shellScript = "\"${SRCROOT}/Pods/Target Support Files/Pods-网易新闻/Pods-网易新闻-frameworks.sh\"\n";
			showEnvVarsInLog = 0;
		};
		C7E28F156F9A2A95501B0263 /* [CP] Copy Pods Resources */ = {
			isa = PBXShellScriptBuildPhase;
			buildActionMask = 2147483647;
			files = (
			);
			inputPaths = (
			);
			name = "[CP] Copy Pods Resources";
			outputPaths = (
			);
			runOnlyForDeploymentPostprocessing = 0;
			shellPath = /bin/sh;
			shellScript = "\"${SRCROOT}/Pods/Target Support Files/Pods-网易新闻/Pods-网易新闻-resources.sh\"\n";
			showEnvVarsInLog = 0;
		};
/* End PBXShellScriptBuildPhase section */

/* Begin PBXSourcesBuildPhase section */
		61AE5D1A1F85E9B90097686D /* Sources */ = {
			isa = PBXSourcesBuildPhase;
			buildActionMask = 2147483647;
			files = (
				61630A7A1F8F89BD00026CE7 /* News.m in Sources */,
				61630A771F8F6D0100026CE7 /* NetworkTools.m in Sources */,
				61630A8B1F94C51800026CE7 /* NSObject+Extension.m in Sources */,
				61AE5D3C1F85EAAD0097686D /* NewsTableViewController.m in Sources */,
				61630A811F92275C00026CE7 /* NewsCell.m in Sources */,
				61630A7E1F8FA69800026CE7 /* NSArray+Log.m in Sources */,
				61630A881F94BFB700026CE7 /* Channel.m in Sources */,
				61AE5D261F85E9B90097686D /* AppDelegate.m in Sources */,
				61AE5D231F85E9B90097686D /* main.m in Sources */,
			);
			runOnlyForDeploymentPostprocessing = 0;
		};
/* End PBXSourcesBuildPhase section */

/* Begin PBXVariantGroup section */
		61AE5D2F1F85E9B90097686D /* LaunchScreen.storyboard */ = {
			isa = PBXVariantGroup;
			children = (
				61AE5D301F85E9B90097686D /* Base */,
			);
			name = LaunchScreen.storyboard;
			sourceTree = "<group>";
		};
/* End PBXVariantGroup section */

/* Begin XCBuildConfiguration section */
		61AE5D331F85E9B90097686D /* Debug */ = {
			isa = XCBuildConfiguration;
			buildSettings = {
				ALWAYS_SEARCH_USER_PATHS = NO;
				CLANG_ANALYZER_NONNULL = YES;
				CLANG_ANALYZER_NUMBER_OBJECT_CONVERSION = YES_AGGRESSIVE;
				CLANG_CXX_LANGUAGE_STANDARD = "gnu++0x";
				CLANG_CXX_LIBRARY = "libc++";
				CLANG_ENABLE_MODULES = YES;
				CLANG_ENABLE_OBJC_ARC = YES;
				CLANG_WARN_BOOL_CONVERSION = YES;
				CLANG_WARN_CONSTANT_CONVERSION = YES;
				CLANG_WARN_DIRECT_OBJC_ISA_USAGE = YES_ERROR;
				CLANG_WARN_DOCUMENTATION_COMMENTS = YES;
				CLANG_WARN_EMPTY_BODY = YES;
				CLANG_WARN_ENUM_CONVERSION = YES;
				CLANG_WARN_INFINITE_RECURSION = YES;
				CLANG_WARN_INT_CONVERSION = YES;
				CLANG_WARN_OBJC_ROOT_CLASS = YES_ERROR;
				CLANG_WARN_SUSPICIOUS_MOVE = YES;
				CLANG_WARN_UNREACHABLE_CODE = YES;
				CLANG_WARN__DUPLICATE_METHOD_MATCH = YES;
				"CODE_SIGN_IDENTITY[sdk=iphoneos*]" = "iPhone Developer";
				COPY_PHASE_STRIP = NO;
				DEBUG_INFORMATION_FORMAT = dwarf;
				ENABLE_STRICT_OBJC_MSGSEND = YES;
				ENABLE_TESTABILITY = YES;
				GCC_C_LANGUAGE_STANDARD = gnu99;
				GCC_DYNAMIC_NO_PIC = NO;
				GCC_NO_COMMON_BLOCKS = YES;
				GCC_OPTIMIZATION_LEVEL = 0;
				GCC_PREPROCESSOR_DEFINITIONS = (
					"DEBUG=1",
					"$(inherited)",
				);
				GCC_WARN_64_TO_32_BIT_CONVERSION = YES;
				GCC_WARN_ABOUT_RETURN_TYPE = YES_ERROR;
				GCC_WARN_UNDECLARED_SELECTOR = YES;
				GCC_WARN_UNINITIALIZED_AUTOS = YES_AGGRESSIVE;
				GCC_WARN_UNUSED_FUNCTION = YES;
				GCC_WARN_UNUSED_VARIABLE = YES;
				IPHONEOS_DEPLOYMENT_TARGET = 10.3;
				MTL_ENABLE_DEBUG_INFO = YES;
				ONLY_ACTIVE_ARCH = YES;
				SDKROOT = iphoneos;
			};
			name = Debug;
		};
		61AE5D341F85E9B90097686D /* Release */ = {
			isa = XCBuildConfiguration;
			buildSettings = {
				ALWAYS_SEARCH_USER_PATHS = NO;
				CLANG_ANALYZER_NONNULL = YES;
				CLANG_ANALYZER_NUMBER_OBJECT_CONVERSION = YES_AGGRESSIVE;
				CLANG_CXX_LANGUAGE_STANDARD = "gnu++0x";
				CLANG_CXX_LIBRARY = "libc++";
				CLANG_ENABLE_MODULES = YES;
				CLANG_ENABLE_OBJC_ARC = YES;
				CLANG_WARN_BOOL_CONVERSION = YES;
				CLANG_WARN_CONSTANT_CONVERSION = YES;
				CLANG_WARN_DIRECT_OBJC_ISA_USAGE = YES_ERROR;
				CLANG_WARN_DOCUMENTATION_COMMENTS = YES;
				CLANG_WARN_EMPTY_BODY = YES;
				CLANG_WARN_ENUM_CONVERSION = YES;
				CLANG_WARN_INFINITE_RECURSION = YES;
				CLANG_WARN_INT_CONVERSION = YES;
				CLANG_WARN_OBJC_ROOT_CLASS = YES_ERROR;
				CLANG_WARN_SUSPICIOUS_MOVE = YES;
				CLANG_WARN_UNREACHABLE_CODE = YES;
				CLANG_WARN__DUPLICATE_METHOD_MATCH = YES;
				"CODE_SIGN_IDENTITY[sdk=iphoneos*]" = "iPhone Developer";
				COPY_PHASE_STRIP = NO;
				DEBUG_INFORMATION_FORMAT = "dwarf-with-dsym";
				ENABLE_NS_ASSERTIONS = NO;
				ENABLE_STRICT_OBJC_MSGSEND = YES;
				GCC_C_LANGUAGE_STANDARD = gnu99;
				GCC_NO_COMMON_BLOCKS = YES;
				GCC_WARN_64_TO_32_BIT_CONVERSION = YES;
				GCC_WARN_ABOUT_RETURN_TYPE = YES_ERROR;
				GCC_WARN_UNDECLARED_SELECTOR = YES;
				GCC_WARN_UNINITIALIZED_AUTOS = YES_AGGRESSIVE;
				GCC_WARN_UNUSED_FUNCTION = YES;
				GCC_WARN_UNUSED_VARIABLE = YES;
				IPHONEOS_DEPLOYMENT_TARGET = 10.3;
				MTL_ENABLE_DEBUG_INFO = NO;
				SDKROOT = iphoneos;
				VALIDATE_PRODUCT = YES;
			};
			name = Release;
		};
		61AE5D361F85E9B90097686D /* Debug */ = {
			isa = XCBuildConfiguration;
			baseConfigurationReference = 126AEA4575D871CC5F6629FA /* Pods-网易新闻.debug.xcconfig */;
			buildSettings = {
				ASSETCATALOG_COMPILER_APPICON_NAME = AppIcon;
				DEVELOPMENT_TEAM = 69356RS9K8;
				INFOPLIST_FILE = "网易新闻/Info.plist";
				LD_RUNPATH_SEARCH_PATHS = "$(inherited) @executable_path/Frameworks";
				PRODUCT_BUNDLE_IDENTIFIER = "com.itcast.----";
				PRODUCT_NAME = "$(TARGET_NAME)";
			};
			name = Debug;
		};
		61AE5D371F85E9B90097686D /* Release */ = {
			isa = XCBuildConfiguration;
			baseConfigurationReference = 5C463740FAEAE7E48D4C1338 /* Pods-网易新闻.release.xcconfig */;
			buildSettings = {
				ASSETCATALOG_COMPILER_APPICON_NAME = AppIcon;
				DEVELOPMENT_TEAM = 69356RS9K8;
				INFOPLIST_FILE = "网易新闻/Info.plist";
				LD_RUNPATH_SEARCH_PATHS = "$(inherited) @executable_path/Frameworks";
				PRODUCT_BUNDLE_IDENTIFIER = "com.itcast.----";
				PRODUCT_NAME = "$(TARGET_NAME)";
			};
			name = Release;
		};
/* End XCBuildConfiguration section */

/* Begin XCConfigurationList section */
		61AE5D191F85E9B90097686D /* Build configuration list for PBXProject "网易新闻" */ = {
			isa = XCConfigurationList;
			buildConfigurations = (
				61AE5D331F85E9B90097686D /* Debug */,
				61AE5D341F85E9B90097686D /* Release */,
			);
			defaultConfigurationIsVisible = 0;
			defaultConfigurationName = Release;
		};
		61AE5D351F85E9B90097686D /* Build configuration list for PBXNativeTarget "网易新闻" */ = {
			isa = XCConfigurationList;
			buildConfigurations = (
				61AE5D361F85E9B90097686D /* Debug */,
				61AE5D371F85E9B90097686D /* Release */,
			);
			defaultConfigurationIsVisible = 0;
			defaultConfigurationName = Release;
		};
/* End XCConfigurationList section */
	};
	rootObject = 61AE5D161F85E9B90097686D /* Project object */;
}
